
Microsoft Visual Studio Solution File, Format Version 12.00
# Visual Studio Version 17
VisualStudioVersion = 17.2.32616.157
MinimumVisualStudioVersion = 10.0.40219.1
Project("{FAE04EC0-301F-11D3-BF4B-00C04F79EFBC}") = "text_survival", "text_survival.csproj", "{629AA482-8EA1-4C55-BBC6-B0DE0CB1390E}"
EndProject
Global
	GlobalSection(SolutionConfigurationPlatforms) = preSolution
		Debug|Any CPU = Debug|Any CPU
		Release|Any CPU = Release|Any CPU
	EndGlobalSection
	GlobalSection(ProjectConfigurationPlatforms) = postSolution
		{629AA482-8EA1-4C55-BBC6-B0DE0CB1390E}.Debug|Any CPU.ActiveCfg = Debug|Any CPU
		{629AA482-8EA1-4C55-BBC6-B0DE0CB1390E}.Debug|Any CPU.Build.0 = Debug|Any CPU
		{629AA482-8EA1-4C55-BBC6-B0DE0CB1390E}.Release|Any CPU.ActiveCfg = Release|Any CPU
		{629AA482-8EA1-4C55-BBC6-B0DE0CB1390E}.Release|Any CPU.Build.0 = Release|Any CPU
	EndGlobalSection
	GlobalSection(SolutionProperties) = preSolution
		HideSolutionNode = FALSE
	EndGlobalSection
	GlobalSection(ExtensibilityGlobals) = postSolution
		SolutionGuid = {E0995F23-F9DA-41FD-B980-C7D179B35F54}
	EndGlobalSection
EndGlobal
